
Microsoft Visual Studio Solution File, Format Version 12.00
# Visual Studio 15
Project("{FAE04EC0-301F-11D3-BF4B-00C04F79EFBC}") = "Assembly-CSharp-Editor", "Assembly-CSharp-Editor.csproj", "{C3D0819D-C97B-A623-5D1E-FAEAD5F64841}"
EndProject
Project("{FAE04EC0-301F-11D3-BF4B-00C04F79EFBC}") = "Assembly-CSharp", "Assembly-CSharp.csproj", "{D15A7A8B-3CAB-777C-19D8-AE3235446CB7}"
EndProject
Global
	GlobalSection(SolutionConfigurationPlatforms) = preSolution
		Debug|Any CPU = Debug|Any CPU
		Release|Any CPU = Release|Any CPU
	EndGlobalSection
	GlobalSection(ProjectConfigurationPlatforms) = postSolution
		{C3D0819D-C97B-A623-5D1E-FAEAD5F64841}.Debug|Any CPU.ActiveCfg = Debug|Any CPU
		{C3D0819D-C97B-A623-5D1E-FAEAD5F64841}.Debug|Any CPU.Build.0 = Debug|Any CPU
		{C3D0819D-C97B-A623-5D1E-FAEAD5F64841}.Release|Any CPU.ActiveCfg = Release|Any CPU
		{C3D0819D-C97B-A623-5D1E-FAEAD5F64841}.Release|Any CPU.Build.0 = Release|Any CPU
		{D15A7A8B-3CAB-777C-19D8-AE3235446CB7}.Debug|Any CPU.ActiveCfg = Debug|Any CPU
		{D15A7A8B-3CAB-777C-19D8-AE3235446CB7}.Debug|Any CPU.Build.0 = Debug|Any CPU
		{D15A7A8B-3CAB-777C-19D8-AE3235446CB7}.Release|Any CPU.ActiveCfg = Release|Any CPU
		{D15A7A8B-3CAB-777C-19D8-AE3235446CB7}.Release|Any CPU.Build.0 = Release|Any CPU
	EndGlobalSection
	GlobalSection(SolutionProperties) = preSolution
		HideSolutionNode = FALSE
	EndGlobalSection
EndGlobal
